
Microsoft Visual Studio Solution File, Format Version 12.00
# Visual Studio Version 16
VisualStudioVersion = 16.0.29613.14
MinimumVisualStudioVersion = 10.0.40219.1
Project("{FAE04EC0-301F-11D3-BF4B-00C04F79EFBC}") = "MyShop.Core", "MyShop.Core\MyShop.Core.csproj", "{4A28238B-A3DE-46E7-8D02-0C9628EF1E7F}"
EndProject
Project("{FAE04EC0-301F-11D3-BF4B-00C04F79EFBC}") = "MyShop.Services", "MyShop.Services\MyShop.Services.csproj", "{6E9E1175-5BDE-4E49-98EE-8A3829F3D1E9}"
EndProject
Project("{FAE04EC0-301F-11D3-BF4B-00C04F79EFBC}") = "MyShop.DataAccess.SQL", "MyShop.DataAccess.SQL\MyShop.DataAccess.SQL.csproj", "{BEED2920-5F7F-4C43-8A5A-CCEA1312376B}"
EndProject
Project("{FAE04EC0-301F-11D3-BF4B-00C04F79EFBC}") = "MyShop.DataAccess.InMemory", "MyShop.DataAccess.InMemory\MyShop.DataAccess.InMemory.csproj", "{D1E7FA86-D176-4466-B37C-D59B9E71BA0B}"
EndProject
Project("{FAE04EC0-301F-11D3-BF4B-00C04F79EFBC}") = "MyShop.NetUI", "MyShop.NetUI\MyShop.NetUI.csproj", "{501B1C7D-4217-4168-A0BA-797BC2F09A4B}"
EndProject
Project("{FAE04EC0-301F-11D3-BF4B-00C04F79EFBC}") = "MyShop.NetUI.Tests", "MyShop.NetUI.Tests\MyShop.NetUI.Tests.csproj", "{0E2A87FD-687E-4160-9A79-041B967FB215}"
EndProject
Global
	GlobalSection(SolutionConfigurationPlatforms) = preSolution
		Debug|Any CPU = Debug|Any CPU
		Release|Any CPU = Release|Any CPU
	EndGlobalSection
	GlobalSection(ProjectConfigurationPlatforms) = postSolution
		{4A28238B-A3DE-46E7-8D02-0C9628EF1E7F}.Debug|Any CPU.ActiveCfg = Debug|Any CPU
		{4A28238B-A3DE-46E7-8D02-0C9628EF1E7F}.Debug|Any CPU.Build.0 = Debug|Any CPU
		{4A28238B-A3DE-46E7-8D02-0C9628EF1E7F}.Release|Any CPU.ActiveCfg = Release|Any CPU
		{4A28238B-A3DE-46E7-8D02-0C9628EF1E7F}.Release|Any CPU.Build.0 = Release|Any CPU
		{6E9E1175-5BDE-4E49-98EE-8A3829F3D1E9}.Debug|Any CPU.ActiveCfg = Debug|Any CPU
		{6E9E1175-5BDE-4E49-98EE-8A3829F3D1E9}.Debug|Any CPU.Build.0 = Debug|Any CPU
		{6E9E1175-5BDE-4E49-98EE-8A3829F3D1E9}.Release|Any CPU.ActiveCfg = Release|Any CPU
		{6E9E1175-5BDE-4E49-98EE-8A3829F3D1E9}.Release|Any CPU.Build.0 = Release|Any CPU
		{BEED2920-5F7F-4C43-8A5A-CCEA1312376B}.Debug|Any CPU.ActiveCfg = Debug|Any CPU
		{BEED2920-5F7F-4C43-8A5A-CCEA1312376B}.Debug|Any CPU.Build.0 = Debug|Any CPU
		{BEED2920-5F7F-4C43-8A5A-CCEA1312376B}.Release|Any CPU.ActiveCfg = Release|Any CPU
		{BEED2920-5F7F-4C43-8A5A-CCEA1312376B}.Release|Any CPU.Build.0 = Release|Any CPU
		{D1E7FA86-D176-4466-B37C-D59B9E71BA0B}.Debug|Any CPU.ActiveCfg = Debug|Any CPU
		{D1E7FA86-D176-4466-B37C-D59B9E71BA0B}.Debug|Any CPU.Build.0 = Debug|Any CPU
		{D1E7FA86-D176-4466-B37C-D59B9E71BA0B}.Release|Any CPU.ActiveCfg = Release|Any CPU
		{D1E7FA86-D176-4466-B37C-D59B9E71BA0B}.Release|Any CPU.Build.0 = Release|Any CPU
		{501B1C7D-4217-4168-A0BA-797BC2F09A4B}.Debug|Any CPU.ActiveCfg = Debug|Any CPU
		{501B1C7D-4217-4168-A0BA-797BC2F09A4B}.Debug|Any CPU.Build.0 = Debug|Any CPU
		{501B1C7D-4217-4168-A0BA-797BC2F09A4B}.Release|Any CPU.ActiveCfg = Release|Any CPU
		{501B1C7D-4217-4168-A0BA-797BC2F09A4B}.Release|Any CPU.Build.0 = Release|Any CPU
		{0E2A87FD-687E-4160-9A79-041B967FB215}.Debug|Any CPU.ActiveCfg = Debug|Any CPU
		{0E2A87FD-687E-4160-9A79-041B967FB215}.Debug|Any CPU.Build.0 = Debug|Any CPU
		{0E2A87FD-687E-4160-9A79-041B967FB215}.Release|Any CPU.ActiveCfg = Release|Any CPU
		{0E2A87FD-687E-4160-9A79-041B967FB215}.Release|Any CPU.Build.0 = Release|Any CPU
	EndGlobalSection
	GlobalSection(SolutionProperties) = preSolution
		HideSolutionNode = FALSE
	EndGlobalSection
	GlobalSection(ExtensibilityGlobals) = postSolution
		SolutionGuid = {70B13C40-3714-4912-851D-D5C8BAF1EDB8}
	EndGlobalSection
EndGlobal
